
Microsoft Visual Studio Solution File, Format Version 12.00
# Visual Studio Version 17
VisualStudioVersion = 17.9.34622.214
MinimumVisualStudioVersion = 10.0.40219.1
Project("{FAE04EC0-301F-11D3-BF4B-00C04F79EFBC}") = "DashBoard.API", "DashBoard.API\DashBoard.API.csproj", "{15A927DC-0E62-4812-A286-4A0AB4359165}"
EndProject
Global
	GlobalSection(SolutionConfigurationPlatforms) = preSolution
		Debug|Any CPU = Debug|Any CPU
		Release|Any CPU = Release|Any CPU
	EndGlobalSection
	GlobalSection(ProjectConfigurationPlatforms) = postSolution
		{15A927DC-0E62-4812-A286-4A0AB4359165}.Debug|Any CPU.ActiveCfg = Debug|Any CPU
		{15A927DC-0E62-4812-A286-4A0AB4359165}.Debug|Any CPU.Build.0 = Debug|Any CPU
		{15A927DC-0E62-4812-A286-4A0AB4359165}.Release|Any CPU.ActiveCfg = Release|Any CPU
		{15A927DC-0E62-4812-A286-4A0AB4359165}.Release|Any CPU.Build.0 = Release|Any CPU
	EndGlobalSection
	GlobalSection(SolutionProperties) = preSolution
		HideSolutionNode = FALSE
	EndGlobalSection
	GlobalSection(ExtensibilityGlobals) = postSolution
		SolutionGuid = {444477D1-B242-4883-B0E5-72EC85DDAB89}
	EndGlobalSection
EndGlobal
